// !$*UTF8*$!
{
	archiveVersion = 1;
	classes = {
	};
	objectVersion = 56;
	objects = {

/* Begin PBXBuildFile section */
		848A07B22AFDD40A00A5D054 /* PressOneAssessmentApp.swift in Sources */ = {isa = PBXBuildFile; fileRef = 848A07B12AFDD40A00A5D054 /* PressOneAssessmentApp.swift */; };
		848A07B42AFDD40A00A5D054 /* ContentView.swift in Sources */ = {isa = PBXBuildFile; fileRef = 848A07B32AFDD40A00A5D054 /* ContentView.swift */; };
		848A07B62AFDD40B00A5D054 /* Assets.xcassets in Resources */ = {isa = PBXBuildFile; fileRef = 848A07B52AFDD40B00A5D054 /* Assets.xcassets */; };
		848A07B92AFDD40B00A5D054 /* Preview Assets.xcassets in Resources */ = {isa = PBXBuildFile; fileRef = 848A07B82AFDD40B00A5D054 /* Preview Assets.xcassets */; };
		848A07C32AFDD40B00A5D054 /* PressOneAssessmentTests.swift in Sources */ = {isa = PBXBuildFile; fileRef = 848A07C22AFDD40B00A5D054 /* PressOneAssessmentTests.swift */; };
		848A07CD2AFDD40B00A5D054 /* PressOneAssessmentUITests.swift in Sources */ = {isa = PBXBuildFile; fileRef = 848A07CC2AFDD40B00A5D054 /* PressOneAssessmentUITests.swift */; };
		848A07CF2AFDD40B00A5D054 /* PressOneAssessmentUITestsLaunchTests.swift in Sources */ = {isa = PBXBuildFile; fileRef = 848A07CE2AFDD40B00A5D054 /* PressOneAssessmentUITestsLaunchTests.swift */; };
		848A07E12AFDD48A00A5D054 /* Constants.swift in Sources */ = {isa = PBXBuildFile; fileRef = 848A07E02AFDD48A00A5D054 /* Constants.swift */; };
		848A07E42AFDD4AA00A5D054 /* Extensions.swift in Sources */ = {isa = PBXBuildFile; fileRef = 848A07E32AFDD4AA00A5D054 /* Extensions.swift */; };
		848A07E62AFDD4CB00A5D054 /* Endpoint.swift in Sources */ = {isa = PBXBuildFile; fileRef = 848A07E52AFDD4CB00A5D054 /* Endpoint.swift */; };
		848A07E82AFDD4E500A5D054 /* NowShowingMovie.swift in Sources */ = {isa = PBXBuildFile; fileRef = 848A07E72AFDD4E500A5D054 /* NowShowingMovie.swift */; };
		848A07EA2AFDD4F700A5D054 /* PopularMovie.swift in Sources */ = {isa = PBXBuildFile; fileRef = 848A07E92AFDD4F700A5D054 /* PopularMovie.swift */; };
		848A07EC2AFDD51B00A5D054 /* MovieTabsView.swift in Sources */ = {isa = PBXBuildFile; fileRef = 848A07EB2AFDD51B00A5D054 /* MovieTabsView.swift */; };
		848A07EE2AFDD53400A5D054 /* HomeView.swift in Sources */ = {isa = PBXBuildFile; fileRef = 848A07ED2AFDD53400A5D054 /* HomeView.swift */; };
		848A07F12AFDD56C00A5D054 /* NowShowingView.swift in Sources */ = {isa = PBXBuildFile; fileRef = 848A07F02AFDD56C00A5D054 /* NowShowingView.swift */; };
		848A07F32AFDD58300A5D054 /* NowShowingCardView.swift in Sources */ = {isa = PBXBuildFile; fileRef = 848A07F22AFDD58300A5D054 /* NowShowingCardView.swift */; };
		848A07F62AFDD5A700A5D054 /* PopularMoviesView.swift in Sources */ = {isa = PBXBuildFile; fileRef = 848A07F52AFDD5A700A5D054 /* PopularMoviesView.swift */; };
		848A07F82AFDD5BD00A5D054 /* PopularMoviesCardView.swift in Sources */ = {isa = PBXBuildFile; fileRef = 848A07F72AFDD5BD00A5D054 /* PopularMoviesCardView.swift */; };
		848A07FB2AFDD5F400A5D054 /* MovieDetailView.swift in Sources */ = {isa = PBXBuildFile; fileRef = 848A07FA2AFDD5F400A5D054 /* MovieDetailView.swift */; };
		848A07FD2AFDD60B00A5D054 /* PopularMovieDetailView.swift in Sources */ = {isa = PBXBuildFile; fileRef = 848A07FC2AFDD60B00A5D054 /* PopularMovieDetailView.swift */; };
		848A08002AFDD63300A5D054 /* Components.swift in Sources */ = {isa = PBXBuildFile; fileRef = 848A07FF2AFDD63300A5D054 /* Components.swift */; };
		848A08022AFDD64C00A5D054 /* SwiftUIViewTEST.swift in Sources */ = {isa = PBXBuildFile; fileRef = 848A08012AFDD64C00A5D054 /* SwiftUIViewTEST.swift */; };
		848A08042AFDD66B00A5D054 /* NowShowingViewModel.swift in Sources */ = {isa = PBXBuildFile; fileRef = 848A08032AFDD66B00A5D054 /* NowShowingViewModel.swift */; };
		848A08062AFDD68600A5D054 /* PopularViewModel.swift in Sources */ = {isa = PBXBuildFile; fileRef = 848A08052AFDD68600A5D054 /* PopularViewModel.swift */; };
		848A08082AFDD69800A5D054 /* MovieDetailViewModel.swift in Sources */ = {isa = PBXBuildFile; fileRef = 848A08072AFDD69800A5D054 /* MovieDetailViewModel.swift */; };
		848A080A2AFDD6AE00A5D054 /* CastViewModel.swift in Sources */ = {isa = PBXBuildFile; fileRef = 848A08092AFDD6AE00A5D054 /* CastViewModel.swift */; };
		848A080D2AFDD70E00A5D054 /* Kingfisher in Frameworks */ = {isa = PBXBuildFile; productRef = 848A080C2AFDD70E00A5D054 /* Kingfisher */; };
		848A080F2AFDD78B00A5D054 /* EndpointTests.swift in Sources */ = {isa = PBXBuildFile; fileRef = 848A080E2AFDD78B00A5D054 /* EndpointTests.swift */; };
		848A08112AFDD7B000A5D054 /* NowShowingModelTests.swift in Sources */ = {isa = PBXBuildFile; fileRef = 848A08102AFDD7B000A5D054 /* NowShowingModelTests.swift */; };
		848A08132AFDD7C200A5D054 /* PopularMovieModelTests.swift in Sources */ = {isa = PBXBuildFile; fileRef = 848A08122AFDD7C200A5D054 /* PopularMovieModelTests.swift */; };
		848A08152AFDD7D400A5D054 /* NowShowingViewModelTests.swift in Sources */ = {isa = PBXBuildFile; fileRef = 848A08142AFDD7D400A5D054 /* NowShowingViewModelTests.swift */; };
		848A08172AFDD81400A5D054 /* NowShowingCardViewUITests.swift in Sources */ = {isa = PBXBuildFile; fileRef = 848A08162AFDD81400A5D054 /* NowShowingCardViewUITests.swift */; };
/* End PBXBuildFile section */

/* Begin PBXContainerItemProxy section */
		848A07BF2AFDD40B00A5D054 /* PBXContainerItemProxy */ = {
			isa = PBXContainerItemProxy;
			containerPortal = 848A07A62AFDD40A00A5D054 /* Project object */;
			proxyType = 1;
			remoteGlobalIDString = 848A07AD2AFDD40A00A5D054;
			remoteInfo = PressOneAssessment;
		};
		848A07C92AFDD40B00A5D054 /* PBXContainerItemProxy */ = {
			isa = PBXContainerItemProxy;
			containerPortal = 848A07A62AFDD40A00A5D054 /* Project object */;
			proxyType = 1;
			remoteGlobalIDString = 848A07AD2AFDD40A00A5D054;
			remoteInfo = PressOneAssessment;
		};
/* End PBXContainerItemProxy section */

/* Begin PBXFileReference section */
		848A07AE2AFDD40A00A5D054 /* PressOneAssessment.app */ = {isa = PBXFileReference; explicitFileType = wrapper.application; includeInIndex = 0; path = PressOneAssessment.app; sourceTree = BUILT_PRODUCTS_DIR; };
		848A07B12AFDD40A00A5D054 /* PressOneAssessmentApp.swift */ = {isa = PBXFileReference; lastKnownFileType = sourcecode.swift; path = PressOneAssessmentApp.swift; sourceTree = "<group>"; };
		848A07B32AFDD40A00A5D054 /* ContentView.swift */ = {isa = PBXFileReference; lastKnownFileType = sourcecode.swift; path = ContentView.swift; sourceTree = "<group>"; };
		848A07B52AFDD40B00A5D054 /* Assets.xcassets */ = {isa = PBXFileReference; lastKnownFileType = folder.assetcatalog; path = Assets.xcassets; sourceTree = "<group>"; };
		848A07B82AFDD40B00A5D054 /* Preview Assets.xcassets */ = {isa = PBXFileReference; lastKnownFileType = folder.assetcatalog; path = "Preview Assets.xcassets"; sourceTree = "<group>"; };
		848A07BE2AFDD40B00A5D054 /* PressOneAssessmentTests.xctest */ = {isa = PBXFileReference; explicitFileType = wrapper.cfbundle; includeInIndex = 0; path = PressOneAssessmentTests.xctest; sourceTree = BUILT_PRODUCTS_DIR; };
		848A07C22AFDD40B00A5D054 /* PressOneAssessmentTests.swift */ = {isa = PBXFileReference; lastKnownFileType = sourcecode.swift; path = PressOneAssessmentTests.swift; sourceTree = "<group>"; };
		848A07C82AFDD40B00A5D054 /* PressOneAssessmentUITests.xctest */ = {isa = PBXFileReference; explicitFileType = wrapper.cfbundle; includeInIndex = 0; path = PressOneAssessmentUITests.xctest; sourceTree = BUILT_PRODUCTS_DIR; };
		848A07CC2AFDD40B00A5D054 /* PressOneAssessmentUITests.swift */ = {isa = PBXFileReference; lastKnownFileType = sourcecode.swift; path = PressOneAssessmentUITests.swift; sourceTree = "<group>"; };
		848A07CE2AFDD40B00A5D054 /* PressOneAssessmentUITestsLaunchTests.swift */ = {isa = PBXFileReference; lastKnownFileType = sourcecode.swift; path = PressOneAssessmentUITestsLaunchTests.swift; sourceTree = "<group>"; };
		848A07E02AFDD48A00A5D054 /* Constants.swift */ = {isa = PBXFileReference; lastKnownFileType = sourcecode.swift; path = Constants.swift; sourceTree = "<group>"; };
		848A07E32AFDD4AA00A5D054 /* Extensions.swift */ = {isa = PBXFileReference; lastKnownFileType = sourcecode.swift; path = Extensions.swift; sourceTree = "<group>"; };
		848A07E52AFDD4CB00A5D054 /* Endpoint.swift */ = {isa = PBXFileReference; lastKnownFileType = sourcecode.swift; path = Endpoint.swift; sourceTree = "<group>"; };
		848A07E72AFDD4E500A5D054 /* NowShowingMovie.swift */ = {isa = PBXFileReference; lastKnownFileType = sourcecode.swift; path = NowShowingMovie.swift; sourceTree = "<group>"; };
		848A07E92AFDD4F700A5D054 /* PopularMovie.swift */ = {isa = PBXFileReference; lastKnownFileType = sourcecode.swift; path = PopularMovie.swift; sourceTree = "<group>"; };
		848A07EB2AFDD51B00A5D054 /* MovieTabsView.swift */ = {isa = PBXFileReference; lastKnownFileType = sourcecode.swift; path = MovieTabsView.swift; sourceTree = "<group>"; };
		848A07ED2AFDD53400A5D054 /* HomeView.swift */ = {isa = PBXFileReference; lastKnownFileType = sourcecode.swift; path = HomeView.swift; sourceTree = "<group>"; };
		848A07F02AFDD56C00A5D054 /* NowShowingView.swift */ = {isa = PBXFileReference; lastKnownFileType = sourcecode.swift; path = NowShowingView.swift; sourceTree = "<group>"; };
		848A07F22AFDD58300A5D054 /* NowShowingCardView.swift */ = {isa = PBXFileReference; lastKnownFileType = sourcecode.swift; path = NowShowingCardView.swift; sourceTree = "<group>"; };
		848A07F52AFDD5A700A5D054 /* PopularMoviesView.swift */ = {isa = PBXFileReference; lastKnownFileType = sourcecode.swift; path = PopularMoviesView.swift; sourceTree = "<group>"; };
		848A07F72AFDD5BD00A5D054 /* PopularMoviesCardView.swift */ = {isa = PBXFileReference; lastKnownFileType = sourcecode.swift; path = PopularMoviesCardView.swift; sourceTree = "<group>"; };
		848A07FA2AFDD5F400A5D054 /* MovieDetailView.swift */ = {isa = PBXFileReference; lastKnownFileType = sourcecode.swift; path = MovieDetailView.swift; sourceTree = "<group>"; };
		848A07FC2AFDD60B00A5D054 /* PopularMovieDetailView.swift */ = {isa = PBXFileReference; lastKnownFileType = sourcecode.swift; path = PopularMovieDetailView.swift; sourceTree = "<group>"; };
		848A07FF2AFDD63300A5D054 /* Components.swift */ = {isa = PBXFileReference; lastKnownFileType = sourcecode.swift; path = Components.swift; sourceTree = "<group>"; };
		848A08012AFDD64C00A5D054 /* SwiftUIViewTEST.swift */ = {isa = PBXFileReference; lastKnownFileType = sourcecode.swift; path = SwiftUIViewTEST.swift; sourceTree = "<group>"; };
		848A08032AFDD66B00A5D054 /* NowShowingViewModel.swift */ = {isa = PBXFileReference; lastKnownFileType = sourcecode.swift; path = NowShowingViewModel.swift; sourceTree = "<group>"; };
		848A08052AFDD68600A5D054 /* PopularViewModel.swift */ = {isa = PBXFileReference; lastKnownFileType = sourcecode.swift; path = PopularViewModel.swift; sourceTree = "<group>"; };
		848A08072AFDD69800A5D054 /* MovieDetailViewModel.swift */ = {isa = PBXFileReference; lastKnownFileType = sourcecode.swift; path = MovieDetailViewModel.swift; sourceTree = "<group>"; };
		848A08092AFDD6AE00A5D054 /* CastViewModel.swift */ = {isa = PBXFileReference; lastKnownFileType = sourcecode.swift; path = CastViewModel.swift; sourceTree = "<group>"; };
		848A080E2AFDD78B00A5D054 /* EndpointTests.swift */ = {isa = PBXFileReference; lastKnownFileType = sourcecode.swift; path = EndpointTests.swift; sourceTree = "<group>"; };
		848A08102AFDD7B000A5D054 /* NowShowingModelTests.swift */ = {isa = PBXFileReference; lastKnownFileType = sourcecode.swift; path = NowShowingModelTests.swift; sourceTree = "<group>"; };
		848A08122AFDD7C200A5D054 /* PopularMovieModelTests.swift */ = {isa = PBXFileReference; lastKnownFileType = sourcecode.swift; path = PopularMovieModelTests.swift; sourceTree = "<group>"; };
		848A08142AFDD7D400A5D054 /* NowShowingViewModelTests.swift */ = {isa = PBXFileReference; lastKnownFileType = sourcecode.swift; path = NowShowingViewModelTests.swift; sourceTree = "<group>"; };
		848A08162AFDD81400A5D054 /* NowShowingCardViewUITests.swift */ = {isa = PBXFileReference; lastKnownFileType = sourcecode.swift; path = NowShowingCardViewUITests.swift; sourceTree = "<group>"; };
/* End PBXFileReference section */

/* Begin PBXFrameworksBuildPhase section */
		848A07AB2AFDD40A00A5D054 /* Frameworks */ = {
			isa = PBXFrameworksBuildPhase;
			buildActionMask = 2147483647;
			files = (
				848A080D2AFDD70E00A5D054 /* Kingfisher in Frameworks */,
			);
			runOnlyForDeploymentPostprocessing = 0;
		};
		848A07BB2AFDD40B00A5D054 /* Frameworks */ = {
			isa = PBXFrameworksBuildPhase;
			buildActionMask = 2147483647;
			files = (
			);
			runOnlyForDeploymentPostprocessing = 0;
		};
		848A07C52AFDD40B00A5D054 /* Frameworks */ = {
			isa = PBXFrameworksBuildPhase;
			buildActionMask = 2147483647;
			files = (
			);
			runOnlyForDeploymentPostprocessing = 0;
		};
/* End PBXFrameworksBuildPhase section */

/* Begin PBXGroup section */
		848A07A52AFDD40A00A5D054 = {
			isa = PBXGroup;
			children = (
				848A07B02AFDD40A00A5D054 /* PressOneAssessment */,
				848A07C12AFDD40B00A5D054 /* PressOneAssessmentTests */,
				848A07CB2AFDD40B00A5D054 /* PressOneAssessmentUITests */,
				848A07AF2AFDD40A00A5D054 /* Products */,
			);
			sourceTree = "<group>";
		};
		848A07AF2AFDD40A00A5D054 /* Products */ = {
			isa = PBXGroup;
			children = (
				848A07AE2AFDD40A00A5D054 /* PressOneAssessment.app */,
				848A07BE2AFDD40B00A5D054 /* PressOneAssessmentTests.xctest */,
				848A07C82AFDD40B00A5D054 /* PressOneAssessmentUITests.xctest */,
			);
			name = Products;
			sourceTree = "<group>";
		};
		848A07B02AFDD40A00A5D054 /* PressOneAssessment */ = {
			isa = PBXGroup;
			children = (
				848A07B12AFDD40A00A5D054 /* PressOneAssessmentApp.swift */,
				848A07B32AFDD40A00A5D054 /* ContentView.swift */,
				848A07B52AFDD40B00A5D054 /* Assets.xcassets */,
				848A07DD2AFDD45500A5D054 /* Model */,
				848A07DE2AFDD45A00A5D054 /* View */,
				848A07DF2AFDD46000A5D054 /* ViewModel */,
				848A07DC2AFDD44D00A5D054 /* Networking */,
				848A07DB2AFDD44400A5D054 /* Utilities */,
				848A07B72AFDD40B00A5D054 /* Preview Content */,
			);
			path = PressOneAssessment;
			sourceTree = "<group>";
		};
		848A07B72AFDD40B00A5D054 /* Preview Content */ = {
			isa = PBXGroup;
			children = (
				848A07B82AFDD40B00A5D054 /* Preview Assets.xcassets */,
			);
			path = "Preview Content";
			sourceTree = "<group>";
		};
		848A07C12AFDD40B00A5D054 /* PressOneAssessmentTests */ = {
			isa = PBXGroup;
			children = (
				848A07C22AFDD40B00A5D054 /* PressOneAssessmentTests.swift */,
				848A080E2AFDD78B00A5D054 /* EndpointTests.swift */,
				848A08102AFDD7B000A5D054 /* NowShowingModelTests.swift */,
				848A08122AFDD7C200A5D054 /* PopularMovieModelTests.swift */,
				848A08142AFDD7D400A5D054 /* NowShowingViewModelTests.swift */,
			);
			path = PressOneAssessmentTests;
			sourceTree = "<group>";
		};
		848A07CB2AFDD40B00A5D054 /* PressOneAssessmentUITests */ = {
			isa = PBXGroup;
			children = (
				848A07CC2AFDD40B00A5D054 /* PressOneAssessmentUITests.swift */,
				848A07CE2AFDD40B00A5D054 /* PressOneAssessmentUITestsLaunchTests.swift */,
				848A08162AFDD81400A5D054 /* NowShowingCardViewUITests.swift */,
			);
			path = PressOneAssessmentUITests;
			sourceTree = "<group>";
		};
		848A07DB2AFDD44400A5D054 /* Utilities */ = {
			isa = PBXGroup;
			children = (
				848A07E32AFDD4AA00A5D054 /* Extensions.swift */,
				848A07E02AFDD48A00A5D054 /* Constants.swift */,
			);
			path = Utilities;
			sourceTree = "<group>";
		};
		848A07DC2AFDD44D00A5D054 /* Networking */ = {
			isa = PBXGroup;
			children = (
				848A07E52AFDD4CB00A5D054 /* Endpoint.swift */,
			);
			path = Networking;
			sourceTree = "<group>";
		};
		848A07DD2AFDD45500A5D054 /* Model */ = {
			isa = PBXGroup;
			children = (
				848A07E72AFDD4E500A5D054 /* NowShowingMovie.swift */,
				848A07E92AFDD4F700A5D054 /* PopularMovie.swift */,
			);
			path = Model;
			sourceTree = "<group>";
		};
		848A07DE2AFDD45A00A5D054 /* View */ = {
			isa = PBXGroup;
			children = (
				848A07EB2AFDD51B00A5D054 /* MovieTabsView.swift */,
				848A07ED2AFDD53400A5D054 /* HomeView.swift */,
				848A07FE2AFDD61800A5D054 /* Components */,
				848A07F92AFDD5E400A5D054 /* MovieDetailView */,
				848A07F42AFDD59600A5D054 /* Popular */,
				848A07EF2AFDD55A00A5D054 /* NowShowing */,
			);
			path = View;
			sourceTree = "<group>";
		};
		848A07DF2AFDD46000A5D054 /* ViewModel */ = {
			isa = PBXGroup;
			children = (
				848A08032AFDD66B00A5D054 /* NowShowingViewModel.swift */,
				848A08052AFDD68600A5D054 /* PopularViewModel.swift */,
				848A08072AFDD69800A5D054 /* MovieDetailViewModel.swift */,
				848A08092AFDD6AE00A5D054 /* CastViewModel.swift */,
			);
			path = ViewModel;
			sourceTree = "<group>";
		};
		848A07EF2AFDD55A00A5D054 /* NowShowing */ = {
			isa = PBXGroup;
			children = (
				848A07F02AFDD56C00A5D054 /* NowShowingView.swift */,
				848A07F22AFDD58300A5D054 /* NowShowingCardView.swift */,
			);
			path = NowShowing;
			sourceTree = "<group>";
		};
		848A07F42AFDD59600A5D054 /* Popular */ = {
			isa = PBXGroup;
			children = (
				848A07F52AFDD5A700A5D054 /* PopularMoviesView.swift */,
				848A07F72AFDD5BD00A5D054 /* PopularMoviesCardView.swift */,
			);
			path = Popular;
			sourceTree = "<group>";
		};
		848A07F92AFDD5E400A5D054 /* MovieDetailView */ = {
			isa = PBXGroup;
			children = (
				848A07FA2AFDD5F400A5D054 /* MovieDetailView.swift */,
				848A07FC2AFDD60B00A5D054 /* PopularMovieDetailView.swift */,
			);
			path = MovieDetailView;
			sourceTree = "<group>";
		};
		848A07FE2AFDD61800A5D054 /* Components */ = {
			isa = PBXGroup;
			children = (
				848A07FF2AFDD63300A5D054 /* Components.swift */,
				848A08012AFDD64C00A5D054 /* SwiftUIViewTEST.swift */,
			);
			path = Components;
			sourceTree = "<group>";
		};
/* End PBXGroup section */

/* Begin PBXNativeTarget section */
		848A07AD2AFDD40A00A5D054 /* PressOneAssessment */ = {
			isa = PBXNativeTarget;
			buildConfigurationList = 848A07D22AFDD40B00A5D054 /* Build configuration list for PBXNativeTarget "PressOneAssessment" */;
			buildPhases = (
				848A07AA2AFDD40A00A5D054 /* Sources */,
				848A07AB2AFDD40A00A5D054 /* Frameworks */,
				848A07AC2AFDD40A00A5D054 /* Resources */,
			);
			buildRules = (
			);
			dependencies = (
			);
			name = PressOneAssessment;
			packageProductDependencies = (
				848A080C2AFDD70E00A5D054 /* Kingfisher */,
			);
			productName = PressOneAssessment;
			productReference = 848A07AE2AFDD40A00A5D054 /* PressOneAssessment.app */;
			productType = "com.apple.product-type.application";
		};
		848A07BD2AFDD40B00A5D054 /* PressOneAssessmentTests */ = {
			isa = PBXNativeTarget;
			buildConfigurationList = 848A07D52AFDD40B00A5D054 /* Build configuration list for PBXNativeTarget "PressOneAssessmentTests" */;
			buildPhases = (
				848A07BA2AFDD40B00A5D054 /* Sources */,
				848A07BB2AFDD40B00A5D054 /* Frameworks */,
				848A07BC2AFDD40B00A5D054 /* Resources */,
			);
			buildRules = (
			);
			dependencies = (
				848A07C02AFDD40B00A5D054 /* PBXTargetDependency */,
			);
			name = PressOneAssessmentTests;
			productName = PressOneAssessmentTests;
			productReference = 848A07BE2AFDD40B00A5D054 /* PressOneAssessmentTests.xctest */;
			productType = "com.apple.product-type.bundle.unit-test";
		};
		848A07C72AFDD40B00A5D054 /* PressOneAssessmentUITests */ = {
			isa = PBXNativeTarget;
			buildConfigurationList = 848A07D82AFDD40B00A5D054 /* Build configuration list for PBXNativeTarget "PressOneAssessmentUITests" */;
			buildPhases = (
				848A07C42AFDD40B00A5D054 /* Sources */,
				848A07C52AFDD40B00A5D054 /* Frameworks */,
				848A07C62AFDD40B00A5D054 /* Resources */,
			);
			buildRules = (
			);
			dependencies = (
				848A07CA2AFDD40B00A5D054 /* PBXTargetDependency */,
			);
			name = PressOneAssessmentUITests;
			productName = PressOneAssessmentUITests;
			productReference = 848A07C82AFDD40B00A5D054 /* PressOneAssessmentUITests.xctest */;
			productType = "com.apple.product-type.bundle.ui-testing";
		};
/* End PBXNativeTarget section */

/* Begin PBXProject section */
		848A07A62AFDD40A00A5D054 /* Project object */ = {
			isa = PBXProject;
			attributes = {
				BuildIndependentTargetsInParallel = 1;
				LastSwiftUpdateCheck = 1500;
				LastUpgradeCheck = 1500;
				TargetAttributes = {
					848A07AD2AFDD40A00A5D054 = {
						CreatedOnToolsVersion = 15.0;
					};
					848A07BD2AFDD40B00A5D054 = {
						CreatedOnToolsVersion = 15.0;
						TestTargetID = 848A07AD2AFDD40A00A5D054;
					};
					848A07C72AFDD40B00A5D054 = {
						CreatedOnToolsVersion = 15.0;
						TestTargetID = 848A07AD2AFDD40A00A5D054;
					};
				};
			};
			buildConfigurationList = 848A07A92AFDD40A00A5D054 /* Build configuration list for PBXProject "PressOneAssessment" */;
			compatibilityVersion = "Xcode 14.0";
			developmentRegion = en;
			hasScannedForEncodings = 0;
			knownRegions = (
				en,
				Base,
			);
			mainGroup = 848A07A52AFDD40A00A5D054;
			packageReferences = (
				848A080B2AFDD70E00A5D054 /* XCRemoteSwiftPackageReference "Kingfisher" */,
			);
			productRefGroup = 848A07AF2AFDD40A00A5D054 /* Products */;
			projectDirPath = "";
			projectRoot = "";
			targets = (
				848A07AD2AFDD40A00A5D054 /* PressOneAssessment */,
				848A07BD2AFDD40B00A5D054 /* PressOneAssessmentTests */,
				848A07C72AFDD40B00A5D054 /* PressOneAssessmentUITests */,
			);
		};
/* End PBXProject section */

/* Begin PBXResourcesBuildPhase section */
		848A07AC2AFDD40A00A5D054 /* Resources */ = {
			isa = PBXResourcesBuildPhase;
			buildActionMask = 2147483647;
			files = (
				848A07B92AFDD40B00A5D054 /* Preview Assets.xcassets in Resources */,
				848A07B62AFDD40B00A5D054 /* Assets.xcassets in Resources */,
			);
			runOnlyForDeploymentPostprocessing = 0;
		};
		848A07BC2AFDD40B00A5D054 /* Resources */ = {
			isa = PBXResourcesBuildPhase;
			buildActionMask = 2147483647;
			files = (
			);
			runOnlyForDeploymentPostprocessing = 0;
		};
		848A07C62AFDD40B00A5D054 /* Resources */ = {
			isa = PBXResourcesBuildPhase;
			buildActionMask = 2147483647;
			files = (
			);
			runOnlyForDeploymentPostprocessing = 0;
		};
/* End PBXResourcesBuildPhase section */

/* Begin PBXSourcesBuildPhase section */
		848A07AA2AFDD40A00A5D054 /* Sources */ = {
			isa = PBXSourcesBuildPhase;
			buildActionMask = 2147483647;
			files = (
				848A07EE2AFDD53400A5D054 /* HomeView.swift in Sources */,
				848A08002AFDD63300A5D054 /* Components.swift in Sources */,
				848A08022AFDD64C00A5D054 /* SwiftUIViewTEST.swift in Sources */,
				848A07F32AFDD58300A5D054 /* NowShowingCardView.swift in Sources */,
				848A07B42AFDD40A00A5D054 /* ContentView.swift in Sources */,
				848A08042AFDD66B00A5D054 /* NowShowingViewModel.swift in Sources */,
				848A07FD2AFDD60B00A5D054 /* PopularMovieDetailView.swift in Sources */,
				848A07E82AFDD4E500A5D054 /* NowShowingMovie.swift in Sources */,
				848A07EA2AFDD4F700A5D054 /* PopularMovie.swift in Sources */,
				848A07EC2AFDD51B00A5D054 /* MovieTabsView.swift in Sources */,
				848A07FB2AFDD5F400A5D054 /* MovieDetailView.swift in Sources */,
				848A07B22AFDD40A00A5D054 /* PressOneAssessmentApp.swift in Sources */,
				848A07E12AFDD48A00A5D054 /* Constants.swift in Sources */,
				848A080A2AFDD6AE00A5D054 /* CastViewModel.swift in Sources */,
				848A07E42AFDD4AA00A5D054 /* Extensions.swift in Sources */,
				848A07E62AFDD4CB00A5D054 /* Endpoint.swift in Sources */,
				848A08062AFDD68600A5D054 /* PopularViewModel.swift in Sources */,
				848A08082AFDD69800A5D054 /* MovieDetailViewModel.swift in Sources */,
				848A07F12AFDD56C00A5D054 /* NowShowingView.swift in Sources */,
				848A07F82AFDD5BD00A5D054 /* PopularMoviesCardView.swift in Sources */,
				848A07F62AFDD5A700A5D054 /* PopularMoviesView.swift in Sources */,
			);
			runOnlyForDeploymentPostprocessing = 0;
		};
		848A07BA2AFDD40B00A5D054 /* Sources */ = {
			isa = PBXSourcesBuildPhase;
			buildActionMask = 2147483647;
			files = (
				848A080F2AFDD78B00A5D054 /* EndpointTests.swift in Sources */,
				848A07C32AFDD40B00A5D054 /* PressOneAssessmentTests.swift in Sources */,
				848A08132AFDD7C200A5D054 /* PopularMovieModelTests.swift in Sources */,
				848A08112AFDD7B000A5D054 /* NowShowingModelTests.swift in Sources */,
				848A08152AFDD7D400A5D054 /* NowShowingViewModelTests.swift in Sources */,
			);
			runOnlyForDeploymentPostprocessing = 0;
		};
		848A07C42AFDD40B00A5D054 /* Sources */ = {
			isa = PBXSourcesBuildPhase;
			buildActionMask = 2147483647;
			files = (
				848A08172AFDD81400A5D054 /* NowShowingCardViewUITests.swift in Sources */,
				848A07CD2AFDD40B00A5D054 /* PressOneAssessmentUITests.swift in Sources */,
				848A07CF2AFDD40B00A5D054 /* PressOneAssessmentUITestsLaunchTests.swift in Sources */,
			);
			runOnlyForDeploymentPostprocessing = 0;
		};
/* End PBXSourcesBuildPhase section */

/* Begin PBXTargetDependency section */
		848A07C02AFDD40B00A5D054 /* PBXTargetDependency */ = {
			isa = PBXTargetDependency;
			target = 848A07AD2AFDD40A00A5D054 /* PressOneAssessment */;
			targetProxy = 848A07BF2AFDD40B00A5D054 /* PBXContainerItemProxy */;
		};
		848A07CA2AFDD40B00A5D054 /* PBXTargetDependency */ = {
			isa = PBXTargetDependency;
			target = 848A07AD2AFDD40A00A5D054 /* PressOneAssessment */;
			targetProxy = 848A07C92AFDD40B00A5D054 /* PBXContainerItemProxy */;
		};
/* End PBXTargetDependency section */

/* Begin XCBuildConfiguration section */
		848A07D02AFDD40B00A5D054 /* Debug */ = {
			isa = XCBuildConfiguration;
			buildSettings = {
				ALWAYS_SEARCH_USER_PATHS = NO;
				ASSETCATALOG_COMPILER_GENERATE_SWIFT_ASSET_SYMBOL_EXTENSIONS = YES;
				CLANG_ANALYZER_NONNULL = YES;
				CLANG_ANALYZER_NUMBER_OBJECT_CONVERSION = YES_AGGRESSIVE;
				CLANG_CXX_LANGUAGE_STANDARD = "gnu++20";
				CLANG_ENABLE_MODULES = YES;
				CLANG_ENABLE_OBJC_ARC = YES;
				CLANG_ENABLE_OBJC_WEAK = YES;
				CLANG_WARN_BLOCK_CAPTURE_AUTORELEASING = YES;
				CLANG_WARN_BOOL_CONVERSION = YES;
				CLANG_WARN_COMMA = YES;
				CLANG_WARN_CONSTANT_CONVERSION = YES;
				CLANG_WARN_DEPRECATED_OBJC_IMPLEMENTATIONS = YES;
				CLANG_WARN_DIRECT_OBJC_ISA_USAGE = YES_ERROR;
				CLANG_WARN_DOCUMENTATION_COMMENTS = YES;
				CLANG_WARN_EMPTY_BODY = YES;
				CLANG_WARN_ENUM_CONVERSION = YES;
				CLANG_WARN_INFINITE_RECURSION = YES;
				CLANG_WARN_INT_CONVERSION = YES;
				CLANG_WARN_NON_LITERAL_NULL_CONVERSION = YES;
				CLANG_WARN_OBJC_IMPLICIT_RETAIN_SELF = YES;
				CLANG_WARN_OBJC_LITERAL_CONVERSION = YES;
				CLANG_WARN_OBJC_ROOT_CLASS = YES_ERROR;
				CLANG_WARN_QUOTED_INCLUDE_IN_FRAMEWORK_HEADER = YES;
				CLANG_WARN_RANGE_LOOP_ANALYSIS = YES;
				CLANG_WARN_STRICT_PROTOTYPES = YES;
				CLANG_WARN_SUSPICIOUS_MOVE = YES;
				CLANG_WARN_UNGUARDED_AVAILABILITY = YES_AGGRESSIVE;
				CLANG_WARN_UNREACHABLE_CODE = YES;
				CLANG_WARN__DUPLICATE_METHOD_MATCH = YES;
				COPY_PHASE_STRIP = NO;
				DEBUG_INFORMATION_FORMAT = dwarf;
				ENABLE_STRICT_OBJC_MSGSEND = YES;
				ENABLE_TESTABILITY = YES;
				ENABLE_USER_SCRIPT_SANDBOXING = YES;
				GCC_C_LANGUAGE_STANDARD = gnu17;
				GCC_DYNAMIC_NO_PIC = NO;
				GCC_NO_COMMON_BLOCKS = YES;
				GCC_OPTIMIZATION_LEVEL = 0;
				GCC_PREPROCESSOR_DEFINITIONS = (
					"DEBUG=1",
					"$(inherited)",
				);
				GCC_WARN_64_TO_32_BIT_CONVERSION = YES;
				GCC_WARN_ABOUT_RETURN_TYPE = YES_ERROR;
				GCC_WARN_UNDECLARED_SELECTOR = YES;
				GCC_WARN_UNINITIALIZED_AUTOS = YES_AGGRESSIVE;
				GCC_WARN_UNUSED_FUNCTION = YES;
				GCC_WARN_UNUSED_VARIABLE = YES;
				IPHONEOS_DEPLOYMENT_TARGET = 17.0;
				LOCALIZATION_PREFERS_STRING_CATALOGS = YES;
				MTL_ENABLE_DEBUG_INFO = INCLUDE_SOURCE;
				MTL_FAST_MATH = YES;
				ONLY_ACTIVE_ARCH = YES;
				SDKROOT = iphoneos;
				SWIFT_ACTIVE_COMPILATION_CONDITIONS = "DEBUG $(inherited)";
				SWIFT_OPTIMIZATION_LEVEL = "-Onone";
			};
			name = Debug;
		};
		848A07D12AFDD40B00A5D054 /* Release */ = {
			isa = XCBuildConfiguration;
			buildSettings = {
				ALWAYS_SEARCH_USER_PATHS = NO;
				ASSETCATALOG_COMPILER_GENERATE_SWIFT_ASSET_SYMBOL_EXTENSIONS = YES;
				CLANG_ANALYZER_NONNULL = YES;
				CLANG_ANALYZER_NUMBER_OBJECT_CONVERSION = YES_AGGRESSIVE;
				CLANG_CXX_LANGUAGE_STANDARD = "gnu++20";
				CLANG_ENABLE_MODULES = YES;
				CLANG_ENABLE_OBJC_ARC = YES;
				CLANG_ENABLE_OBJC_WEAK = YES;
				CLANG_WARN_BLOCK_CAPTURE_AUTORELEASING = YES;
				CLANG_WARN_BOOL_CONVERSION = YES;
				CLANG_WARN_COMMA = YES;
				CLANG_WARN_CONSTANT_CONVERSION = YES;
				CLANG_WARN_DEPRECATED_OBJC_IMPLEMENTATIONS = YES;
				CLANG_WARN_DIRECT_OBJC_ISA_USAGE = YES_ERROR;
				CLANG_WARN_DOCUMENTATION_COMMENTS = YES;
				CLANG_WARN_EMPTY_BODY = YES;
				CLANG_WARN_ENUM_CONVERSION = YES;
				CLANG_WARN_INFINITE_RECURSION = YES;
				CLANG_WARN_INT_CONVERSION = YES;
				CLANG_WARN_NON_LITERAL_NULL_CONVERSION = YES;
				CLANG_WARN_OBJC_IMPLICIT_RETAIN_SELF = YES;
				CLANG_WARN_OBJC_LITERAL_CONVERSION = YES;
				CLANG_WARN_OBJC_ROOT_CLASS = YES_ERROR;
				CLANG_WARN_QUOTED_INCLUDE_IN_FRAMEWORK_HEADER = YES;
				CLANG_WARN_RANGE_LOOP_ANALYSIS = YES;
				CLANG_WARN_STRICT_PROTOTYPES = YES;
				CLANG_WARN_SUSPICIOUS_MOVE = YES;
				CLANG_WARN_UNGUARDED_AVAILABILITY = YES_AGGRESSIVE;
				CLANG_WARN_UNREACHABLE_CODE = YES;
				CLANG_WARN__DUPLICATE_METHOD_MATCH = YES;
				COPY_PHASE_STRIP = NO;
				DEBUG_INFORMATION_FORMAT = "dwarf-with-dsym";
				ENABLE_NS_ASSERTIONS = NO;
				ENABLE_STRICT_OBJC_MSGSEND = YES;
				ENABLE_USER_SCRIPT_SANDBOXING = YES;
				GCC_C_LANGUAGE_STANDARD = gnu17;
				GCC_NO_COMMON_BLOCKS = YES;
				GCC_WARN_64_TO_32_BIT_CONVERSION = YES;
				GCC_WARN_ABOUT_RETURN_TYPE = YES_ERROR;
				GCC_WARN_UNDECLARED_SELECTOR = YES;
				GCC_WARN_UNINITIALIZED_AUTOS = YES_AGGRESSIVE;
				GCC_WARN_UNUSED_FUNCTION = YES;
				GCC_WARN_UNUSED_VARIABLE = YES;
				IPHONEOS_DEPLOYMENT_TARGET = 17.0;
				LOCALIZATION_PREFERS_STRING_CATALOGS = YES;
				MTL_ENABLE_DEBUG_INFO = NO;
				MTL_FAST_MATH = YES;
				SDKROOT = iphoneos;
				SWIFT_COMPILATION_MODE = wholemodule;
				VALIDATE_PRODUCT = YES;
			};
			name = Release;
		};
		848A07D32AFDD40B00A5D054 /* Debug */ = {
			isa = XCBuildConfiguration;
			buildSettings = {
				ASSETCATALOG_COMPILER_APPICON_NAME = AppIcon;
				ASSETCATALOG_COMPILER_GLOBAL_ACCENT_COLOR_NAME = AccentColor;
				CODE_SIGN_STYLE = Automatic;
				CURRENT_PROJECT_VERSION = 1;
				DEVELOPMENT_ASSET_PATHS = "\"PressOneAssessment/Preview Content\"";
				DEVELOPMENT_TEAM = LB7TGGTXG5;
				ENABLE_PREVIEWS = YES;
				GENERATE_INFOPLIST_FILE = YES;
				INFOPLIST_KEY_LSApplicationCategoryType = "public.app-category.entertainment";
				INFOPLIST_KEY_UIApplicationSceneManifest_Generation = YES;
				INFOPLIST_KEY_UIApplicationSupportsIndirectInputEvents = YES;
				INFOPLIST_KEY_UILaunchScreen_Generation = YES;
				INFOPLIST_KEY_UISupportedInterfaceOrientations_iPad = "UIInterfaceOrientationPortrait UIInterfaceOrientationPortraitUpsideDown UIInterfaceOrientationLandscapeLeft UIInterfaceOrientationLandscapeRight";
				INFOPLIST_KEY_UISupportedInterfaceOrientations_iPhone = "UIInterfaceOrientationPortrait UIInterfaceOrientationLandscapeLeft UIInterfaceOrientationLandscapeRight";
				IPHONEOS_DEPLOYMENT_TARGET = 16.0;
				LD_RUNPATH_SEARCH_PATHS = (
					"$(inherited)",
					"@executable_path/Frameworks",
				);
				MARKETING_VERSION = 1.0;
				PRODUCT_BUNDLE_IDENTIFIER = com.saladel.PressOneAssessment;
				PRODUCT_NAME = "$(TARGET_NAME)";
				SWIFT_EMIT_LOC_STRINGS = YES;
				SWIFT_VERSION = 5.0;
				TARGETED_DEVICE_FAMILY = "1,2";
			};
			name = Debug;
		};
		848A07D42AFDD40B00A5D054 /* Release */ = {
			isa = XCBuildConfiguration;
			buildSettings = {
				ASSETCATALOG_COMPILER_APPICON_NAME = AppIcon;
				ASSETCATALOG_COMPILER_GLOBAL_ACCENT_COLOR_NAME = AccentColor;
				CODE_SIGN_STYLE = Automatic;
				CURRENT_PROJECT_VERSION = 1;
				DEVELOPMENT_ASSET_PATHS = "\"PressOneAssessment/Preview Content\"";
				DEVELOPMENT_TEAM = LB7TGGTXG5;
				ENABLE_PREVIEWS = YES;
				GENERATE_INFOPLIST_FILE = YES;
				INFOPLIST_KEY_LSApplicationCategoryType = "public.app-category.entertainment";
				INFOPLIST_KEY_UIApplicationSceneManifest_Generation = YES;
				INFOPLIST_KEY_UIApplicationSupportsIndirectInputEvents = YES;
				INFOPLIST_KEY_UILaunchScreen_Generation = YES;
				INFOPLIST_KEY_UISupportedInterfaceOrientations_iPad = "UIInterfaceOrientationPortrait UIInterfaceOrientationPortraitUpsideDown UIInterfaceOrientationLandscapeLeft UIInterfaceOrientationLandscapeRight";
				INFOPLIST_KEY_UISupportedInterfaceOrientations_iPhone = "UIInterfaceOrientationPortrait UIInterfaceOrientationLandscapeLeft UIInterfaceOrientationLandscapeRight";
				IPHONEOS_DEPLOYMENT_TARGET = 16.0;
				LD_RUNPATH_SEARCH_PATHS = (
					"$(inherited)",
					"@executable_path/Frameworks",
				);
				MARKETING_VERSION = 1.0;
				PRODUCT_BUNDLE_IDENTIFIER = com.saladel.PressOneAssessment;
				PRODUCT_NAME = "$(TARGET_NAME)";
				SWIFT_EMIT_LOC_STRINGS = YES;
				SWIFT_VERSION = 5.0;
				TARGETED_DEVICE_FAMILY = "1,2";
			};
			name = Release;
		};
		848A07D62AFDD40B00A5D054 /* Debug */ = {
			isa = XCBuildConfiguration;
			buildSettings = {
				ALWAYS_EMBED_SWIFT_STANDARD_LIBRARIES = YES;
				BUNDLE_LOADER = "$(TEST_HOST)";
				CODE_SIGN_STYLE = Automatic;
				CURRENT_PROJECT_VERSION = 1;
				DEVELOPMENT_TEAM = LB7TGGTXG5;
				GENERATE_INFOPLIST_FILE = YES;
				IPHONEOS_DEPLOYMENT_TARGET = 17.0;
				MARKETING_VERSION = 1.0;
				PRODUCT_BUNDLE_IDENTIFIER = com.saladel.PressOneAssessmentTests;
				PRODUCT_NAME = "$(TARGET_NAME)";
				SWIFT_EMIT_LOC_STRINGS = NO;
				SWIFT_VERSION = 5.0;
				TARGETED_DEVICE_FAMILY = "1,2";
				TEST_HOST = "$(BUILT_PRODUCTS_DIR)/PressOneAssessment.app/$(BUNDLE_EXECUTABLE_FOLDER_PATH)/PressOneAssessment";
			};
			name = Debug;
		};
		848A07D72AFDD40B00A5D054 /* Release */ = {
			isa = XCBuildConfiguration;
			buildSettings = {
				ALWAYS_EMBED_SWIFT_STANDARD_LIBRARIES = YES;
				BUNDLE_LOADER = "$(TEST_HOST)";
				CODE_SIGN_STYLE = Automatic;
				CURRENT_PROJECT_VERSION = 1;
				DEVELOPMENT_TEAM = LB7TGGTXG5;
				GENERATE_INFOPLIST_FILE = YES;
				IPHONEOS_DEPLOYMENT_TARGET = 17.0;
				MARKETING_VERSION = 1.0;
				PRODUCT_BUNDLE_IDENTIFIER = com.saladel.PressOneAssessmentTests;
				PRODUCT_NAME = "$(TARGET_NAME)";
				SWIFT_EMIT_LOC_STRINGS = NO;
				SWIFT_VERSION = 5.0;
				TARGETED_DEVICE_FAMILY = "1,2";
				TEST_HOST = "$(BUILT_PRODUCTS_DIR)/PressOneAssessment.app/$(BUNDLE_EXECUTABLE_FOLDER_PATH)/PressOneAssessment";
			};
			name = Release;
		};
		848A07D92AFDD40B00A5D054 /* Debug */ = {
			isa = XCBuildConfiguration;
			buildSettings = {
				ALWAYS_EMBED_SWIFT_STANDARD_LIBRARIES = YES;
				CODE_SIGN_STYLE = Automatic;
				CURRENT_PROJECT_VERSION = 1;
				DEVELOPMENT_TEAM = LB7TGGTXG5;
				GENERATE_INFOPLIST_FILE = YES;
				MARKETING_VERSION = 1.0;
				PRODUCT_BUNDLE_IDENTIFIER = com.saladel.PressOneAssessmentUITests;
				PRODUCT_NAME = "$(TARGET_NAME)";
				SWIFT_EMIT_LOC_STRINGS = NO;
				SWIFT_VERSION = 5.0;
				TARGETED_DEVICE_FAMILY = "1,2";
				TEST_TARGET_NAME = PressOneAssessment;
			};
			name = Debug;
		};
		848A07DA2AFDD40B00A5D054 /* Release */ = {
			isa = XCBuildConfiguration;
			buildSettings = {
				ALWAYS_EMBED_SWIFT_STANDARD_LIBRARIES = YES;
				CODE_SIGN_STYLE = Automatic;
				CURRENT_PROJECT_VERSION = 1;
				DEVELOPMENT_TEAM = LB7TGGTXG5;
				GENERATE_INFOPLIST_FILE = YES;
				MARKETING_VERSION = 1.0;
				PRODUCT_BUNDLE_IDENTIFIER = com.saladel.PressOneAssessmentUITests;
				PRODUCT_NAME = "$(TARGET_NAME)";
				SWIFT_EMIT_LOC_STRINGS = NO;
				SWIFT_VERSION = 5.0;
				TARGETED_DEVICE_FAMILY = "1,2";
				TEST_TARGET_NAME = PressOneAssessment;
			};
			name = Release;
		};
/* End XCBuildConfiguration section */

/* Begin XCConfigurationList section */
		848A07A92AFDD40A00A5D054 /* Build configuration list for PBXProject "PressOneAssessment" */ = {
			isa = XCConfigurationList;
			buildConfigurations = (
				848A07D02AFDD40B00A5D054 /* Debug */,
				848A07D12AFDD40B00A5D054 /* Release */,
			);
			defaultConfigurationIsVisible = 0;
			defaultConfigurationName = Release;
		};
		848A07D22AFDD40B00A5D054 /* Build configuration list for PBXNativeTarget "PressOneAssessment" */ = {
			isa = XCConfigurationList;
			buildConfigurations = (
				848A07D32AFDD40B00A5D054 /* Debug */,
				848A07D42AFDD40B00A5D054 /* Release */,
			);
			defaultConfigurationIsVisible = 0;
			defaultConfigurationName = Release;
		};
		848A07D52AFDD40B00A5D054 /* Build configuration list for PBXNativeTarget "PressOneAssessmentTests" */ = {
			isa = XCConfigurationList;
			buildConfigurations = (
				848A07D62AFDD40B00A5D054 /* Debug */,
				848A07D72AFDD40B00A5D054 /* Release */,
			);
			defaultConfigurationIsVisible = 0;
			defaultConfigurationName = Release;
		};
		848A07D82AFDD40B00A5D054 /* Build configuration list for PBXNativeTarget "PressOneAssessmentUITests" */ = {
			isa = XCConfigurationList;
			buildConfigurations = (
				848A07D92AFDD40B00A5D054 /* Debug */,
				848A07DA2AFDD40B00A5D054 /* Release */,
			);
			defaultConfigurationIsVisible = 0;
			defaultConfigurationName = Release;
		};
/* End XCConfigurationList section */

/* Begin XCRemoteSwiftPackageReference section */
		848A080B2AFDD70E00A5D054 /* XCRemoteSwiftPackageReference "Kingfisher" */ = {
			isa = XCRemoteSwiftPackageReference;
			repositoryURL = "https://github.com/onevcat/Kingfisher.git";
			requirement = {
				kind = upToNextMajorVersion;
				minimumVersion = 7.10.0;
			};
		};
/* End XCRemoteSwiftPackageReference section */

/* Begin XCSwiftPackageProductDependency section */
		848A080C2AFDD70E00A5D054 /* Kingfisher */ = {
			isa = XCSwiftPackageProductDependency;
			package = 848A080B2AFDD70E00A5D054 /* XCRemoteSwiftPackageReference "Kingfisher" */;
			productName = Kingfisher;
		};
/* End XCSwiftPackageProductDependency section */
	};
	rootObject = 848A07A62AFDD40A00A5D054 /* Project object */;
}
